
Microsoft Visual Studio Solution File, Format Version 12.00
# Visual Studio Version 16
VisualStudioVersion = 16.0.28803.156
MinimumVisualStudioVersion = 10.0.40219.1
Project("{FAE04EC0-301F-11D3-BF4B-00C04F79EFBC}") = "3DConsoleRender", "3DConsoleRender\3DConsoleRender.csproj", "{38441C7E-2FAD-40C0-9A7B-5C3764940ACB}"
EndProject
Global
	GlobalSection(SolutionConfigurationPlatforms) = preSolution
		Debug|Any CPU = Debug|Any CPU
		Release|Any CPU = Release|Any CPU
	EndGlobalSection
	GlobalSection(ProjectConfigurationPlatforms) = postSolution
		{38441C7E-2FAD-40C0-9A7B-5C3764940ACB}.Debug|Any CPU.ActiveCfg = Debug|Any CPU
		{38441C7E-2FAD-40C0-9A7B-5C3764940ACB}.Debug|Any CPU.Build.0 = Debug|Any CPU
		{38441C7E-2FAD-40C0-9A7B-5C3764940ACB}.Release|Any CPU.ActiveCfg = Release|Any CPU
		{38441C7E-2FAD-40C0-9A7B-5C3764940ACB}.Release|Any CPU.Build.0 = Release|Any CPU
	EndGlobalSection
	GlobalSection(SolutionProperties) = preSolution
		HideSolutionNode = FALSE
	EndGlobalSection
	GlobalSection(ExtensibilityGlobals) = postSolution
		SolutionGuid = {18BBB177-B9D7-41B9-A51A-C1979DAB0705}
	EndGlobalSection
EndGlobal
